
Microsoft Visual Studio Solution File, Format Version 12.00
# Visual Studio 15
VisualStudioVersion = 15.0.27130.2027
MinimumVisualStudioVersion = 10.0.40219.1
Project("{FAE04EC0-301F-11D3-BF4B-00C04F79EFBC}") = "afishaParser", "afishaParser\afishaParser.csproj", "{5C04C080-3BE5-4D77-AFBA-6180B2E4430A}"
EndProject
Project("{54435603-DBB4-11D2-8724-00A0C9A8B90C}") = "Setup", "Setup\Setup.vdproj", "{B6111243-2221-4505-8967-730DA0224131}"
EndProject
Global
	GlobalSection(SolutionConfigurationPlatforms) = preSolution
		Debug|Any CPU = Debug|Any CPU
		Release|Any CPU = Release|Any CPU
	EndGlobalSection
	GlobalSection(ProjectConfigurationPlatforms) = postSolution
		{5C04C080-3BE5-4D77-AFBA-6180B2E4430A}.Debug|Any CPU.ActiveCfg = Debug|Any CPU
		{5C04C080-3BE5-4D77-AFBA-6180B2E4430A}.Debug|Any CPU.Build.0 = Debug|Any CPU
		{5C04C080-3BE5-4D77-AFBA-6180B2E4430A}.Release|Any CPU.ActiveCfg = Release|Any CPU
		{5C04C080-3BE5-4D77-AFBA-6180B2E4430A}.Release|Any CPU.Build.0 = Release|Any CPU
		{B6111243-2221-4505-8967-730DA0224131}.Debug|Any CPU.ActiveCfg = Debug
		{B6111243-2221-4505-8967-730DA0224131}.Release|Any CPU.ActiveCfg = Release
	EndGlobalSection
	GlobalSection(SolutionProperties) = preSolution
		HideSolutionNode = FALSE
	EndGlobalSection
	GlobalSection(ExtensibilityGlobals) = postSolution
		SolutionGuid = {A1E94FC6-03C4-410F-8272-FD8898927A90}
	EndGlobalSection
EndGlobal
